
Microsoft Visual Studio Solution File, Format Version 12.00
# Visual Studio Version 17
VisualStudioVersion = 17.0.31903.59
MinimumVisualStudioVersion = 10.0.40219.1
Project("{FAE04EC0-301F-11D3-BF4B-00C04F79EFBC}") = "Nparks.API", "Nparks.API\Nparks.API.csproj", "{252A819E-DAC0-4F03-B687-F6C7557E0DDB}"
EndProject
Project("{FAE04EC0-301F-11D3-BF4B-00C04F79EFBC}") = "Nparks.Data", "Nparks.Data\Nparks.Data.csproj", "{4A3F4345-463D-4D60-85E7-EEF483AFD94C}"
EndProject
Project("{FAE04EC0-301F-11D3-BF4B-00C04F79EFBC}") = "Nparks.Models", "Nparks.Models\Nparks.Models.csproj", "{EFD4730F-DD05-4C4B-A9EB-672B0A916C9F}"
EndProject
Global
	GlobalSection(SolutionConfigurationPlatforms) = preSolution
		Debug|Any CPU = Debug|Any CPU
		Release|Any CPU = Release|Any CPU
	EndGlobalSection
	GlobalSection(SolutionProperties) = preSolution
		HideSolutionNode = FALSE
	EndGlobalSection
	GlobalSection(ProjectConfigurationPlatforms) = postSolution
		{252A819E-DAC0-4F03-B687-F6C7557E0DDB}.Debug|Any CPU.ActiveCfg = Debug|Any CPU
		{252A819E-DAC0-4F03-B687-F6C7557E0DDB}.Debug|Any CPU.Build.0 = Debug|Any CPU
		{252A819E-DAC0-4F03-B687-F6C7557E0DDB}.Release|Any CPU.ActiveCfg = Release|Any CPU
		{252A819E-DAC0-4F03-B687-F6C7557E0DDB}.Release|Any CPU.Build.0 = Release|Any CPU
		{4A3F4345-463D-4D60-85E7-EEF483AFD94C}.Debug|Any CPU.ActiveCfg = Debug|Any CPU
		{4A3F4345-463D-4D60-85E7-EEF483AFD94C}.Debug|Any CPU.Build.0 = Debug|Any CPU
		{4A3F4345-463D-4D60-85E7-EEF483AFD94C}.Release|Any CPU.ActiveCfg = Release|Any CPU
		{4A3F4345-463D-4D60-85E7-EEF483AFD94C}.Release|Any CPU.Build.0 = Release|Any CPU
		{EFD4730F-DD05-4C4B-A9EB-672B0A916C9F}.Debug|Any CPU.ActiveCfg = Debug|Any CPU
		{EFD4730F-DD05-4C4B-A9EB-672B0A916C9F}.Debug|Any CPU.Build.0 = Debug|Any CPU
		{EFD4730F-DD05-4C4B-A9EB-672B0A916C9F}.Release|Any CPU.ActiveCfg = Release|Any CPU
		{EFD4730F-DD05-4C4B-A9EB-672B0A916C9F}.Release|Any CPU.Build.0 = Release|Any CPU
	EndGlobalSection
EndGlobal
